
Microsoft Visual Studio Solution File, Format Version 12.00
Project("{2150E333-8FDC-42A3-9474-1A3956D46DE8}") = "api", "api", "{3DFB58F0-88D5-44F4-8D52-37AAC8533BBC}"
EndProject
Project("{FAE04EC0-301F-11D3-BF4B-00C04F79EFBC}") = "api", "api\api\api.csproj", "{F779AA2D-CD4E-440A-B276-F47D7CD0BFDF}"
EndProject
Project("{FAE04EC0-301F-11D3-BF4B-00C04F79EFBC}") = "data", "api\data\data.csproj", "{C5B4B994-A5F2-4CC9-AAC2-8A436297CE5B}"
EndProject
Project("{FAE04EC0-301F-11D3-BF4B-00C04F79EFBC}") = "domain", "api\domain\domain.csproj", "{DA187AA6-2C84-47A3-95CA-A767F0EE255F}"
EndProject
Project("{FAE04EC0-301F-11D3-BF4B-00C04F79EFBC}") = "test", "api\test\test.csproj", "{1A990C49-B185-4910-A35A-D6A67DA272D0}"
EndProject
Project("{2150E333-8FDC-42A3-9474-1A3956D46DE8}") = "web", "web", "{A7AD9683-EFD8-4FD3-AB92-E6F7DCA31FDF}"
EndProject
Project("{2150E333-8FDC-42A3-9474-1A3956D46DE8}") = "client", "client", "{ED04D581-23EC-4607-958D-42CDAC9BDA54}"
EndProject
Global
	GlobalSection(SolutionConfigurationPlatforms) = preSolution
		Debug|Any CPU = Debug|Any CPU
		Release|Any CPU = Release|Any CPU
	EndGlobalSection
	GlobalSection(ProjectConfigurationPlatforms) = postSolution
		{F779AA2D-CD4E-440A-B276-F47D7CD0BFDF}.Debug|Any CPU.ActiveCfg = Debug|Any CPU
		{F779AA2D-CD4E-440A-B276-F47D7CD0BFDF}.Debug|Any CPU.Build.0 = Debug|Any CPU
		{F779AA2D-CD4E-440A-B276-F47D7CD0BFDF}.Release|Any CPU.ActiveCfg = Release|Any CPU
		{F779AA2D-CD4E-440A-B276-F47D7CD0BFDF}.Release|Any CPU.Build.0 = Release|Any CPU
		{C5B4B994-A5F2-4CC9-AAC2-8A436297CE5B}.Debug|Any CPU.ActiveCfg = Debug|Any CPU
		{C5B4B994-A5F2-4CC9-AAC2-8A436297CE5B}.Debug|Any CPU.Build.0 = Debug|Any CPU
		{C5B4B994-A5F2-4CC9-AAC2-8A436297CE5B}.Release|Any CPU.ActiveCfg = Release|Any CPU
		{C5B4B994-A5F2-4CC9-AAC2-8A436297CE5B}.Release|Any CPU.Build.0 = Release|Any CPU
		{DA187AA6-2C84-47A3-95CA-A767F0EE255F}.Debug|Any CPU.ActiveCfg = Debug|Any CPU
		{DA187AA6-2C84-47A3-95CA-A767F0EE255F}.Debug|Any CPU.Build.0 = Debug|Any CPU
		{DA187AA6-2C84-47A3-95CA-A767F0EE255F}.Release|Any CPU.ActiveCfg = Release|Any CPU
		{DA187AA6-2C84-47A3-95CA-A767F0EE255F}.Release|Any CPU.Build.0 = Release|Any CPU
		{1A990C49-B185-4910-A35A-D6A67DA272D0}.Debug|Any CPU.ActiveCfg = Debug|Any CPU
		{1A990C49-B185-4910-A35A-D6A67DA272D0}.Debug|Any CPU.Build.0 = Debug|Any CPU
		{1A990C49-B185-4910-A35A-D6A67DA272D0}.Release|Any CPU.ActiveCfg = Release|Any CPU
		{1A990C49-B185-4910-A35A-D6A67DA272D0}.Release|Any CPU.Build.0 = Release|Any CPU
	EndGlobalSection
	GlobalSection(NestedProjects) = preSolution
		{F779AA2D-CD4E-440A-B276-F47D7CD0BFDF} = {3DFB58F0-88D5-44F4-8D52-37AAC8533BBC}
		{C5B4B994-A5F2-4CC9-AAC2-8A436297CE5B} = {3DFB58F0-88D5-44F4-8D52-37AAC8533BBC}
		{DA187AA6-2C84-47A3-95CA-A767F0EE255F} = {3DFB58F0-88D5-44F4-8D52-37AAC8533BBC}
		{1A990C49-B185-4910-A35A-D6A67DA272D0} = {3DFB58F0-88D5-44F4-8D52-37AAC8533BBC}
	EndGlobalSection
EndGlobal
